
Microsoft Visual Studio Solution File, Format Version 12.00
# Visual Studio Version 17
VisualStudioVersion = 17.9.34526.213
MinimumVisualStudioVersion = 10.0.40219.1
Project("{FAE04EC0-301F-11D3-BF4B-00C04F79EFBC}") = "Tarea_Desafios", "Tarea_Desafios.csproj", "{963CCDB0-B501-415A-B402-1F92CDE76052}"
EndProject
Global
	GlobalSection(SolutionConfigurationPlatforms) = preSolution
		Debug|Any CPU = Debug|Any CPU
		Release|Any CPU = Release|Any CPU
	EndGlobalSection
	GlobalSection(ProjectConfigurationPlatforms) = postSolution
		{963CCDB0-B501-415A-B402-1F92CDE76052}.Debug|Any CPU.ActiveCfg = Debug|Any CPU
		{963CCDB0-B501-415A-B402-1F92CDE76052}.Debug|Any CPU.Build.0 = Debug|Any CPU
		{963CCDB0-B501-415A-B402-1F92CDE76052}.Release|Any CPU.ActiveCfg = Release|Any CPU
		{963CCDB0-B501-415A-B402-1F92CDE76052}.Release|Any CPU.Build.0 = Release|Any CPU
	EndGlobalSection
	GlobalSection(SolutionProperties) = preSolution
		HideSolutionNode = FALSE
	EndGlobalSection
	GlobalSection(ExtensibilityGlobals) = postSolution
		SolutionGuid = {83D01D1A-71E5-49F0-9319-C6CF12D3DC06}
	EndGlobalSection
EndGlobal
