Microsoft Visual Studio Solution File, Format Version 12.00
# Visual Studio Version 17
VisualStudioVersion = 17.9.34526.213
MinimumVisualStudioVersion = 10.0.40219.1
Project("{FAE04EC0-301F-11D3-BF4B-00C04F79EFBC}") = "PRACTICA POO.AppHost", "PRACTICA POO.AppHost\PRACTICA POO.AppHost.csproj", "{637E0B4E-4DB9-4226-A3AF-7D629BB2A6C7}"
EndProject
Project("{9A19103F-16F7-4668-BE54-9A1E7A4F7556}") = "PRACTICA POO.ServiceDefaults", "PRACTICA POO.ServiceDefaults\PRACTICA POO.ServiceDefaults.csproj", "{C224213D-C469-48A1-95B5-40EE115C6A63}"
EndProject
Project("{9A19103F-16F7-4668-BE54-9A1E7A4F7556}") = "PRACTICA POO.ApiService", "PRACTICA POO.ApiService\PRACTICA POO.ApiService.csproj", "{E5CEAF7E-01B7-42BB-B0E5-ADEC107932BF}"
EndProject
Project("{9A19103F-16F7-4668-BE54-9A1E7A4F7556}") = "PRACTICA POO.Web", "PRACTICA POO.Web\PRACTICA POO.Web.csproj", "{41F9C6C9-0934-4275-93F0-65018C536201}"
EndProject
Global
	GlobalSection(SolutionConfigurationPlatforms) = preSolution
		Debug|Any CPU = Debug|Any CPU
		Release|Any CPU = Release|Any CPU
	EndGlobalSection
	GlobalSection(ProjectConfigurationPlatforms) = postSolution
		{637E0B4E-4DB9-4226-A3AF-7D629BB2A6C7}.Debug|Any CPU.ActiveCfg = Debug|Any CPU
		{637E0B4E-4DB9-4226-A3AF-7D629BB2A6C7}.Debug|Any CPU.Build.0 = Debug|Any CPU
		{637E0B4E-4DB9-4226-A3AF-7D629BB2A6C7}.Release|Any CPU.ActiveCfg = Release|Any CPU
		{637E0B4E-4DB9-4226-A3AF-7D629BB2A6C7}.Release|Any CPU.Build.0 = Release|Any CPU
		{C224213D-C469-48A1-95B5-40EE115C6A63}.Debug|Any CPU.ActiveCfg = Debug|Any CPU
		{C224213D-C469-48A1-95B5-40EE115C6A63}.Debug|Any CPU.Build.0 = Debug|Any CPU
		{C224213D-C469-48A1-95B5-40EE115C6A63}.Release|Any CPU.ActiveCfg = Release|Any CPU
		{C224213D-C469-48A1-95B5-40EE115C6A63}.Release|Any CPU.Build.0 = Release|Any CPU
		{E5CEAF7E-01B7-42BB-B0E5-ADEC107932BF}.Debug|Any CPU.ActiveCfg = Debug|Any CPU
		{E5CEAF7E-01B7-42BB-B0E5-ADEC107932BF}.Debug|Any CPU.Build.0 = Debug|Any CPU
		{E5CEAF7E-01B7-42BB-B0E5-ADEC107932BF}.Release|Any CPU.ActiveCfg = Release|Any CPU
		{E5CEAF7E-01B7-42BB-B0E5-ADEC107932BF}.Release|Any CPU.Build.0 = Release|Any CPU
		{41F9C6C9-0934-4275-93F0-65018C536201}.Debug|Any CPU.ActiveCfg = Debug|Any CPU
		{41F9C6C9-0934-4275-93F0-65018C536201}.Debug|Any CPU.Build.0 = Debug|Any CPU
		{41F9C6C9-0934-4275-93F0-65018C536201}.Release|Any CPU.ActiveCfg = Release|Any CPU
		{41F9C6C9-0934-4275-93F0-65018C536201}.Release|Any CPU.Build.0 = Release|Any CPU
	EndGlobalSection
	GlobalSection(SolutionProperties) = preSolution
		HideSolutionNode = FALSE
	EndGlobalSection
	GlobalSection(ExtensibilityGlobals) = postSolution
		SolutionGuid = {C41B3C2E-B843-47C0-A577-C1D361D12604}
	EndGlobalSection
EndGlobal
